// !$*UTF8*$!
{
	archiveVersion = 1;
	classes = {
	};
	objectVersion = 46;
	objects = {

/* Begin PBXBuildFile section */
		98B26A531F47E5CD0073C4F3 /* AppDelegate.swift in Sources */ = {isa = PBXBuildFile; fileRef = 98B26A521F47E5CD0073C4F3 /* AppDelegate.swift */; };
		98B26A551F47E5CD0073C4F3 /* ViewController.swift in Sources */ = {isa = PBXBuildFile; fileRef = 98B26A541F47E5CD0073C4F3 /* ViewController.swift */; };
		98B26A581F47E5CD0073C4F3 /* Main.storyboard in Resources */ = {isa = PBXBuildFile; fileRef = 98B26A561F47E5CD0073C4F3 /* Main.storyboard */; };
		98B26A5A1F47E5CD0073C4F3 /* Assets.xcassets in Resources */ = {isa = PBXBuildFile; fileRef = 98B26A591F47E5CD0073C4F3 /* Assets.xcassets */; };
		98B26A5D1F47E5CD0073C4F3 /* LaunchScreen.storyboard in Resources */ = {isa = PBXBuildFile; fileRef = 98B26A5B1F47E5CD0073C4F3 /* LaunchScreen.storyboard */; };
		98B26A681F47E5CD0073C4F3 /* QuizTests.swift in Sources */ = {isa = PBXBuildFile; fileRef = 98B26A671F47E5CD0073C4F3 /* QuizTests.swift */; };
		98B26A731F47E5CD0073C4F3 /* QuizUITests.swift in Sources */ = {isa = PBXBuildFile; fileRef = 98B26A721F47E5CD0073C4F3 /* QuizUITests.swift */; };
/* End PBXBuildFile section */

/* Begin PBXContainerItemProxy section */
		98B26A641F47E5CD0073C4F3 /* PBXContainerItemProxy */ = {
			isa = PBXContainerItemProxy;
			containerPortal = 98B26A471F47E5CD0073C4F3 /* Project object */;
			proxyType = 1;
			remoteGlobalIDString = 98B26A4E1F47E5CD0073C4F3;
			remoteInfo = Quiz;
		};
		98B26A6F1F47E5CD0073C4F3 /* PBXContainerItemProxy */ = {
			isa = PBXContainerItemProxy;
			containerPortal = 98B26A471F47E5CD0073C4F3 /* Project object */;
			proxyType = 1;
			remoteGlobalIDString = 98B26A4E1F47E5CD0073C4F3;
			remoteInfo = Quiz;
		};
/* End PBXContainerItemProxy section */

/* Begin PBXFileReference section */
		98B26A4F1F47E5CD0073C4F3 /* Quiz.app */ = {isa = PBXFileReference; explicitFileType = wrapper.application; includeInIndex = 0; path = Quiz.app; sourceTree = BUILT_PRODUCTS_DIR; };
		98B26A521F47E5CD0073C4F3 /* AppDelegate.swift */ = {isa = PBXFileReference; lastKnownFileType = sourcecode.swift; path = AppDelegate.swift; sourceTree = "<group>"; };
		98B26A541F47E5CD0073C4F3 /* ViewController.swift */ = {isa = PBXFileReference; lastKnownFileType = sourcecode.swift; path = ViewController.swift; sourceTree = "<group>"; };
		98B26A571F47E5CD0073C4F3 /* Base */ = {isa = PBXFileReference; lastKnownFileType = file.storyboard; name = Base; path = Base.lproj/Main.storyboard; sourceTree = "<group>"; };
		98B26A591F47E5CD0073C4F3 /* Assets.xcassets */ = {isa = PBXFileReference; lastKnownFileType = folder.assetcatalog; path = Assets.xcassets; sourceTree = "<group>"; };
		98B26A5C1F47E5CD0073C4F3 /* Base */ = {isa = PBXFileReference; lastKnownFileType = file.storyboard; name = Base; path = Base.lproj/LaunchScreen.storyboard; sourceTree = "<group>"; };
		98B26A5E1F47E5CD0073C4F3 /* Info.plist */ = {isa = PBXFileReference; lastKnownFileType = text.plist.xml; path = Info.plist; sourceTree = "<group>"; };
		98B26A631F47E5CD0073C4F3 /* QuizTests.xctest */ = {isa = PBXFileReference; explicitFileType = wrapper.cfbundle; includeInIndex = 0; path = QuizTests.xctest; sourceTree = BUILT_PRODUCTS_DIR; };
		98B26A671F47E5CD0073C4F3 /* QuizTests.swift */ = {isa = PBXFileReference; lastKnownFileType = sourcecode.swift; path = QuizTests.swift; sourceTree = "<group>"; };
		98B26A691F47E5CD0073C4F3 /* Info.plist */ = {isa = PBXFileReference; lastKnownFileType = text.plist.xml; path = Info.plist; sourceTree = "<group>"; };
		98B26A6E1F47E5CD0073C4F3 /* QuizUITests.xctest */ = {isa = PBXFileReference; explicitFileType = wrapper.cfbundle; includeInIndex = 0; path = QuizUITests.xctest; sourceTree = BUILT_PRODUCTS_DIR; };
		98B26A721F47E5CD0073C4F3 /* QuizUITests.swift */ = {isa = PBXFileReference; lastKnownFileType = sourcecode.swift; path = QuizUITests.swift; sourceTree = "<group>"; };
		98B26A741F47E5CD0073C4F3 /* Info.plist */ = {isa = PBXFileReference; lastKnownFileType = text.plist.xml; path = Info.plist; sourceTree = "<group>"; };
/* End PBXFileReference section */

/* Begin PBXFrameworksBuildPhase section */
		98B26A4C1F47E5CD0073C4F3 /* Frameworks */ = {
			isa = PBXFrameworksBuildPhase;
			buildActionMask = 2147483647;
			files = (
			);
			runOnlyForDeploymentPostprocessing = 0;
		};
		98B26A601F47E5CD0073C4F3 /* Frameworks */ = {
			isa = PBXFrameworksBuildPhase;
			buildActionMask = 2147483647;
			files = (
			);
			runOnlyForDeploymentPostprocessing = 0;
		};
		98B26A6B1F47E5CD0073C4F3 /* Frameworks */ = {
			isa = PBXFrameworksBuildPhase;
			buildActionMask = 2147483647;
			files = (
			);
			runOnlyForDeploymentPostprocessing = 0;
		};
/* End PBXFrameworksBuildPhase section */

/* Begin PBXGroup section */
		98B26A461F47E5CD0073C4F3 = {
			isa = PBXGroup;
			children = (
				98B26A511F47E5CD0073C4F3 /* Quiz */,
				98B26A661F47E5CD0073C4F3 /* QuizTests */,
				98B26A711F47E5CD0073C4F3 /* QuizUITests */,
				98B26A501F47E5CD0073C4F3 /* Products */,
			);
			sourceTree = "<group>";
		};
		98B26A501F47E5CD0073C4F3 /* Products */ = {
			isa = PBXGroup;
			children = (
				98B26A4F1F47E5CD0073C4F3 /* Quiz.app */,
				98B26A631F47E5CD0073C4F3 /* QuizTests.xctest */,
				98B26A6E1F47E5CD0073C4F3 /* QuizUITests.xctest */,
			);
			name = Products;
			sourceTree = "<group>";
		};
		98B26A511F47E5CD0073C4F3 /* Quiz */ = {
			isa = PBXGroup;
			children = (
				98B26A521F47E5CD0073C4F3 /* AppDelegate.swift */,
				98B26A541F47E5CD0073C4F3 /* ViewController.swift */,
				98B26A561F47E5CD0073C4F3 /* Main.storyboard */,
				98B26A591F47E5CD0073C4F3 /* Assets.xcassets */,
				98B26A5B1F47E5CD0073C4F3 /* LaunchScreen.storyboard */,
				98B26A5E1F47E5CD0073C4F3 /* Info.plist */,
			);
			path = Quiz;
			sourceTree = "<group>";
		};
		98B26A661F47E5CD0073C4F3 /* QuizTests */ = {
			isa = PBXGroup;
			children = (
				98B26A671F47E5CD0073C4F3 /* QuizTests.swift */,
				98B26A691F47E5CD0073C4F3 /* Info.plist */,
			);
			path = QuizTests;
			sourceTree = "<group>";
		};
		98B26A711F47E5CD0073C4F3 /* QuizUITests */ = {
			isa = PBXGroup;
			children = (
				98B26A721F47E5CD0073C4F3 /* QuizUITests.swift */,
				98B26A741F47E5CD0073C4F3 /* Info.plist */,
			);
			path = QuizUITests;
			sourceTree = "<group>";
		};
/* End PBXGroup section */

/* Begin PBXNativeTarget section */
		98B26A4E1F47E5CD0073C4F3 /* Quiz */ = {
			isa = PBXNativeTarget;
			buildConfigurationList = 98B26A771F47E5CD0073C4F3 /* Build configuration list for PBXNativeTarget "Quiz" */;
			buildPhases = (
				98B26A4B1F47E5CD0073C4F3 /* Sources */,
				98B26A4C1F47E5CD0073C4F3 /* Frameworks */,
				98B26A4D1F47E5CD0073C4F3 /* Resources */,
			);
			buildRules = (
			);
			dependencies = (
			);
			name = Quiz;
			productName = Quiz;
			productReference = 98B26A4F1F47E5CD0073C4F3 /* Quiz.app */;
			productType = "com.apple.product-type.application";
		};
		98B26A621F47E5CD0073C4F3 /* QuizTests */ = {
			isa = PBXNativeTarget;
			buildConfigurationList = 98B26A7A1F47E5CD0073C4F3 /* Build configuration list for PBXNativeTarget "QuizTests" */;
			buildPhases = (
				98B26A5F1F47E5CD0073C4F3 /* Sources */,
				98B26A601F47E5CD0073C4F3 /* Frameworks */,
				98B26A611F47E5CD0073C4F3 /* Resources */,
			);
			buildRules = (
			);
			dependencies = (
				98B26A651F47E5CD0073C4F3 /* PBXTargetDependency */,
			);
			name = QuizTests;
			productName = QuizTests;
			productReference = 98B26A631F47E5CD0073C4F3 /* QuizTests.xctest */;
			productType = "com.apple.product-type.bundle.unit-test";
		};
		98B26A6D1F47E5CD0073C4F3 /* QuizUITests */ = {
			isa = PBXNativeTarget;
			buildConfigurationList = 98B26A7D1F47E5CD0073C4F3 /* Build configuration list for PBXNativeTarget "QuizUITests" */;
			buildPhases = (
				98B26A6A1F47E5CD0073C4F3 /* Sources */,
				98B26A6B1F47E5CD0073C4F3 /* Frameworks */,
				98B26A6C1F47E5CD0073C4F3 /* Resources */,
			);
			buildRules = (
			);
			dependencies = (
				98B26A701F47E5CD0073C4F3 /* PBXTargetDependency */,
			);
			name = QuizUITests;
			productName = QuizUITests;
			productReference = 98B26A6E1F47E5CD0073C4F3 /* QuizUITests.xctest */;
			productType = "com.apple.product-type.bundle.ui-testing";
		};
/* End PBXNativeTarget section */

/* Begin PBXProject section */
		98B26A471F47E5CD0073C4F3 /* Project object */ = {
			isa = PBXProject;
			attributes = {
				LastSwiftUpdateCheck = 0830;
				LastUpgradeCheck = 0830;
				ORGANIZATIONNAME = "Shuaib Labs";
				TargetAttributes = {
					98B26A4E1F47E5CD0073C4F3 = {
						CreatedOnToolsVersion = 8.3.3;
						ProvisioningStyle = Automatic;
					};
					98B26A621F47E5CD0073C4F3 = {
						CreatedOnToolsVersion = 8.3.3;
						ProvisioningStyle = Automatic;
						TestTargetID = 98B26A4E1F47E5CD0073C4F3;
					};
					98B26A6D1F47E5CD0073C4F3 = {
						CreatedOnToolsVersion = 8.3.3;
						ProvisioningStyle = Automatic;
						TestTargetID = 98B26A4E1F47E5CD0073C4F3;
					};
				};
			};
			buildConfigurationList = 98B26A4A1F47E5CD0073C4F3 /* Build configuration list for PBXProject "Quiz" */;
			compatibilityVersion = "Xcode 3.2";
			developmentRegion = English;
			hasScannedForEncodings = 0;
			knownRegions = (
				en,
				Base,
			);
			mainGroup = 98B26A461F47E5CD0073C4F3;
			productRefGroup = 98B26A501F47E5CD0073C4F3 /* Products */;
			projectDirPath = "";
			projectRoot = "";
			targets = (
				98B26A4E1F47E5CD0073C4F3 /* Quiz */,
				98B26A621F47E5CD0073C4F3 /* QuizTests */,
				98B26A6D1F47E5CD0073C4F3 /* QuizUITests */,
			);
		};
/* End PBXProject section */

/* Begin PBXResourcesBuildPhase section */
		98B26A4D1F47E5CD0073C4F3 /* Resources */ = {
			isa = PBXResourcesBuildPhase;
			buildActionMask = 2147483647;
			files = (
				98B26A5D1F47E5CD0073C4F3 /* LaunchScreen.storyboard in Resources */,
				98B26A5A1F47E5CD0073C4F3 /* Assets.xcassets in Resources */,
				98B26A581F47E5CD0073C4F3 /* Main.storyboard in Resources */,
			);
			runOnlyForDeploymentPostprocessing = 0;
		};
		98B26A611F47E5CD0073C4F3 /* Resources */ = {
			isa = PBXResourcesBuildPhase;
			buildActionMask = 2147483647;
			files = (
			);
			runOnlyForDeploymentPostprocessing = 0;
		};
		98B26A6C1F47E5CD0073C4F3 /* Resources */ = {
			isa = PBXResourcesBuildPhase;
			buildActionMask = 2147483647;
			files = (
			);
			runOnlyForDeploymentPostprocessing = 0;
		};
/* End PBXResourcesBuildPhase section */

/* Begin PBXSourcesBuildPhase section */
		98B26A4B1F47E5CD0073C4F3 /* Sources */ = {
			isa = PBXSourcesBuildPhase;
			buildActionMask = 2147483647;
			files = (
				98B26A551F47E5CD0073C4F3 /* ViewController.swift in Sources */,
				98B26A531F47E5CD0073C4F3 /* AppDelegate.swift in Sources */,
			);
			runOnlyForDeploymentPostprocessing = 0;
		};
		98B26A5F1F47E5CD0073C4F3 /* Sources */ = {
			isa = PBXSourcesBuildPhase;
			buildActionMask = 2147483647;
			files = (
				98B26A681F47E5CD0073C4F3 /* QuizTests.swift in Sources */,
			);
			runOnlyForDeploymentPostprocessing = 0;
		};
		98B26A6A1F47E5CD0073C4F3 /* Sources */ = {
			isa = PBXSourcesBuildPhase;
			buildActionMask = 2147483647;
			files = (
				98B26A731F47E5CD0073C4F3 /* QuizUITests.swift in Sources */,
			);
			runOnlyForDeploymentPostprocessing = 0;
		};
/* End PBXSourcesBuildPhase section */

/* Begin PBXTargetDependency section */
		98B26A651F47E5CD0073C4F3 /* PBXTargetDependency */ = {
			isa = PBXTargetDependency;
			target = 98B26A4E1F47E5CD0073C4F3 /* Quiz */;
			targetProxy = 98B26A641F47E5CD0073C4F3 /* PBXContainerItemProxy */;
		};
		98B26A701F47E5CD0073C4F3 /* PBXTargetDependency */ = {
			isa = PBXTargetDependency;
			target = 98B26A4E1F47E5CD0073C4F3 /* Quiz */;
			targetProxy = 98B26A6F1F47E5CD0073C4F3 /* PBXContainerItemProxy */;
		};
/* End PBXTargetDependency section */

/* Begin PBXVariantGroup section */
		98B26A561F47E5CD0073C4F3 /* Main.storyboard */ = {
			isa = PBXVariantGroup;
			children = (
				98B26A571F47E5CD0073C4F3 /* Base */,
			);
			name = Main.storyboard;
			sourceTree = "<group>";
		};
		98B26A5B1F47E5CD0073C4F3 /* LaunchScreen.storyboard */ = {
			isa = PBXVariantGroup;
			children = (
				98B26A5C1F47E5CD0073C4F3 /* Base */,
			);
			name = LaunchScreen.storyboard;
			sourceTree = "<group>";
		};
/* End PBXVariantGroup section */

/* Begin XCBuildConfiguration section */
		98B26A751F47E5CD0073C4F3 /* Debug */ = {
			isa = XCBuildConfiguration;
			buildSettings = {
				ALWAYS_SEARCH_USER_PATHS = NO;
				CLANG_ANALYZER_NONNULL = YES;
				CLANG_ANALYZER_NUMBER_OBJECT_CONVERSION = YES_AGGRESSIVE;
				CLANG_CXX_LANGUAGE_STANDARD = "gnu++0x";
				CLANG_CXX_LIBRARY = "libc++";
				CLANG_ENABLE_MODULES = YES;
				CLANG_ENABLE_OBJC_ARC = YES;
				CLANG_WARN_BOOL_CONVERSION = YES;
				CLANG_WARN_CONSTANT_CONVERSION = YES;
				CLANG_WARN_DIRECT_OBJC_ISA_USAGE = YES_ERROR;
				CLANG_WARN_DOCUMENTATION_COMMENTS = YES;
				CLANG_WARN_EMPTY_BODY = YES;
				CLANG_WARN_ENUM_CONVERSION = YES;
				CLANG_WARN_INFINITE_RECURSION = YES;
				CLANG_WARN_INT_CONVERSION = YES;
				CLANG_WARN_OBJC_ROOT_CLASS = YES_ERROR;
				CLANG_WARN_SUSPICIOUS_MOVE = YES;
				CLANG_WARN_UNREACHABLE_CODE = YES;
				CLANG_WARN__DUPLICATE_METHOD_MATCH = YES;
				"CODE_SIGN_IDENTITY[sdk=iphoneos*]" = "iPhone Developer";
				COPY_PHASE_STRIP = NO;
				DEBUG_INFORMATION_FORMAT = dwarf;
				ENABLE_STRICT_OBJC_MSGSEND = YES;
				ENABLE_TESTABILITY = YES;
				GCC_C_LANGUAGE_STANDARD = gnu99;
				GCC_DYNAMIC_NO_PIC = NO;
				GCC_NO_COMMON_BLOCKS = YES;
				GCC_OPTIMIZATION_LEVEL = 0;
				GCC_PREPROCESSOR_DEFINITIONS = (
					"DEBUG=1",
					"$(inherited)",
				);
				GCC_WARN_64_TO_32_BIT_CONVERSION = YES;
				GCC_WARN_ABOUT_RETURN_TYPE = YES_ERROR;
				GCC_WARN_UNDECLARED_SELECTOR = YES;
				GCC_WARN_UNINITIALIZED_AUTOS = YES_AGGRESSIVE;
				GCC_WARN_UNUSED_FUNCTION = YES;
				GCC_WARN_UNUSED_VARIABLE = YES;
				IPHONEOS_DEPLOYMENT_TARGET = 10.3;
				MTL_ENABLE_DEBUG_INFO = YES;
				ONLY_ACTIVE_ARCH = YES;
				SDKROOT = iphoneos;
				SWIFT_ACTIVE_COMPILATION_CONDITIONS = DEBUG;
				SWIFT_OPTIMIZATION_LEVEL = "-Onone";
				TARGETED_DEVICE_FAMILY = "1,2";
			};
			name = Debug;
		};
		98B26A761F47E5CD0073C4F3 /* Release */ = {
			isa = XCBuildConfiguration;
			buildSettings = {
				ALWAYS_SEARCH_USER_PATHS = NO;
				CLANG_ANALYZER_NONNULL = YES;
				CLANG_ANALYZER_NUMBER_OBJECT_CONVERSION = YES_AGGRESSIVE;
				CLANG_CXX_LANGUAGE_STANDARD = "gnu++0x";
				CLANG_CXX_LIBRARY = "libc++";
				CLANG_ENABLE_MODULES = YES;
				CLANG_ENABLE_OBJC_ARC = YES;
				CLANG_WARN_BOOL_CONVERSION = YES;
				CLANG_WARN_CONSTANT_CONVERSION = YES;
				CLANG_WARN_DIRECT_OBJC_ISA_USAGE = YES_ERROR;
				CLANG_WARN_DOCUMENTATION_COMMENTS = YES;
				CLANG_WARN_EMPTY_BODY = YES;
				CLANG_WARN_ENUM_CONVERSION = YES;
				CLANG_WARN_INFINITE_RECURSION = YES;
				CLANG_WARN_INT_CONVERSION = YES;
				CLANG_WARN_OBJC_ROOT_CLASS = YES_ERROR;
				CLANG_WARN_SUSPICIOUS_MOVE = YES;
				CLANG_WARN_UNREACHABLE_CODE = YES;
				CLANG_WARN__DUPLICATE_METHOD_MATCH = YES;
				"CODE_SIGN_IDENTITY[sdk=iphoneos*]" = "iPhone Developer";
				COPY_PHASE_STRIP = NO;
				DEBUG_INFORMATION_FORMAT = "dwarf-with-dsym";
				ENABLE_NS_ASSERTIONS = NO;
				ENABLE_STRICT_OBJC_MSGSEND = YES;
				GCC_C_LANGUAGE_STANDARD = gnu99;
				GCC_NO_COMMON_BLOCKS = YES;
				GCC_WARN_64_TO_32_BIT_CONVERSION = YES;
				GCC_WARN_ABOUT_RETURN_TYPE = YES_ERROR;
				GCC_WARN_UNDECLARED_SELECTOR = YES;
				GCC_WARN_UNINITIALIZED_AUTOS = YES_AGGRESSIVE;
				GCC_WARN_UNUSED_FUNCTION = YES;
				GCC_WARN_UNUSED_VARIABLE = YES;
				IPHONEOS_DEPLOYMENT_TARGET = 10.3;
				MTL_ENABLE_DEBUG_INFO = NO;
				SDKROOT = iphoneos;
				SWIFT_OPTIMIZATION_LEVEL = "-Owholemodule";
				TARGETED_DEVICE_FAMILY = "1,2";
				VALIDATE_PRODUCT = YES;
			};
			name = Release;
		};
		98B26A781F47E5CD0073C4F3 /* Debug */ = {
			isa = XCBuildConfiguration;
			buildSettings = {
				ASSETCATALOG_COMPILER_APPICON_NAME = AppIcon;
				INFOPLIST_FILE = Quiz/Info.plist;
				LD_RUNPATH_SEARCH_PATHS = "$(inherited) @executable_path/Frameworks";
				PRODUCT_BUNDLE_IDENTIFIER = com.shuaibLabs.Quiz;
				PRODUCT_NAME = "$(TARGET_NAME)";
				SWIFT_VERSION = 3.0;
			};
			name = Debug;
		};
		98B26A791F47E5CD0073C4F3 /* Release */ = {
			isa = XCBuildConfiguration;
			buildSettings = {
				ASSETCATALOG_COMPILER_APPICON_NAME = AppIcon;
				INFOPLIST_FILE = Quiz/Info.plist;
				LD_RUNPATH_SEARCH_PATHS = "$(inherited) @executable_path/Frameworks";
				PRODUCT_BUNDLE_IDENTIFIER = com.shuaibLabs.Quiz;
				PRODUCT_NAME = "$(TARGET_NAME)";
				SWIFT_VERSION = 3.0;
			};
			name = Release;
		};
		98B26A7B1F47E5CD0073C4F3 /* Debug */ = {
			isa = XCBuildConfiguration;
			buildSettings = {
				ALWAYS_EMBED_SWIFT_STANDARD_LIBRARIES = YES;
				BUNDLE_LOADER = "$(TEST_HOST)";
				INFOPLIST_FILE = QuizTests/Info.plist;
				LD_RUNPATH_SEARCH_PATHS = "$(inherited) @executable_path/Frameworks @loader_path/Frameworks";
				PRODUCT_BUNDLE_IDENTIFIER = com.shuaibLabs.QuizTests;
				PRODUCT_NAME = "$(TARGET_NAME)";
				SWIFT_VERSION = 3.0;
				TEST_HOST = "$(BUILT_PRODUCTS_DIR)/Quiz.app/Quiz";
			};
			name = Debug;
		};
		98B26A7C1F47E5CD0073C4F3 /* Release */ = {
			isa = XCBuildConfiguration;
			buildSettings = {
				ALWAYS_EMBED_SWIFT_STANDARD_LIBRARIES = YES;
				BUNDLE_LOADER = "$(TEST_HOST)";
				INFOPLIST_FILE = QuizTests/Info.plist;
				LD_RUNPATH_SEARCH_PATHS = "$(inherited) @executable_path/Frameworks @loader_path/Frameworks";
				PRODUCT_BUNDLE_IDENTIFIER = com.shuaibLabs.QuizTests;
				PRODUCT_NAME = "$(TARGET_NAME)";
				SWIFT_VERSION = 3.0;
				TEST_HOST = "$(BUILT_PRODUCTS_DIR)/Quiz.app/Quiz";
			};
			name = Release;
		};
		98B26A7E1F47E5CD0073C4F3 /* Debug */ = {
			isa = XCBuildConfiguration;
			buildSettings = {
				ALWAYS_EMBED_SWIFT_STANDARD_LIBRARIES = YES;
				INFOPLIST_FILE = QuizUITests/Info.plist;
				LD_RUNPATH_SEARCH_PATHS = "$(inherited) @executable_path/Frameworks @loader_path/Frameworks";
				PRODUCT_BUNDLE_IDENTIFIER = com.shuaibLabs.QuizUITests;
				PRODUCT_NAME = "$(TARGET_NAME)";
				SWIFT_VERSION = 3.0;
				TEST_TARGET_NAME = Quiz;
			};
			name = Debug;
		};
		98B26A7F1F47E5CD0073C4F3 /* Release */ = {
			isa = XCBuildConfiguration;
			buildSettings = {
				ALWAYS_EMBED_SWIFT_STANDARD_LIBRARIES = YES;
				INFOPLIST_FILE = QuizUITests/Info.plist;
				LD_RUNPATH_SEARCH_PATHS = "$(inherited) @executable_path/Frameworks @loader_path/Frameworks";
				PRODUCT_BUNDLE_IDENTIFIER = com.shuaibLabs.QuizUITests;
				PRODUCT_NAME = "$(TARGET_NAME)";
				SWIFT_VERSION = 3.0;
				TEST_TARGET_NAME = Quiz;
			};
			name = Release;
		};
/* End XCBuildConfiguration section */

/* Begin XCConfigurationList section */
		98B26A4A1F47E5CD0073C4F3 /* Build configuration list for PBXProject "Quiz" */ = {
			isa = XCConfigurationList;
			buildConfigurations = (
				98B26A751F47E5CD0073C4F3 /* Debug */,
				98B26A761F47E5CD0073C4F3 /* Release */,
			);
			defaultConfigurationIsVisible = 0;
			defaultConfigurationName = Release;
		};
		98B26A771F47E5CD0073C4F3 /* Build configuration list for PBXNativeTarget "Quiz" */ = {
			isa = XCConfigurationList;
			buildConfigurations = (
				98B26A781F47E5CD0073C4F3 /* Debug */,
				98B26A791F47E5CD0073C4F3 /* Release */,
			);
			defaultConfigurationIsVisible = 0;
		};
		98B26A7A1F47E5CD0073C4F3 /* Build configuration list for PBXNativeTarget "QuizTests" */ = {
			isa = XCConfigurationList;
			buildConfigurations = (
				98B26A7B1F47E5CD0073C4F3 /* Debug */,
				98B26A7C1F47E5CD0073C4F3 /* Release */,
			);
			defaultConfigurationIsVisible = 0;
		};
		98B26A7D1F47E5CD0073C4F3 /* Build configuration list for PBXNativeTarget "QuizUITests" */ = {
			isa = XCConfigurationList;
			buildConfigurations = (
				98B26A7E1F47E5CD0073C4F3 /* Debug */,
				98B26A7F1F47E5CD0073C4F3 /* Release */,
			);
			defaultConfigurationIsVisible = 0;
		};
/* End XCConfigurationList section */
	};
	rootObject = 98B26A471F47E5CD0073C4F3 /* Project object */;
}
